
Microsoft Visual Studio Solution File, Format Version 12.00
# Visual Studio Version 16
VisualStudioVersion = 16.0.31005.135
MinimumVisualStudioVersion = 10.0.40219.1
Project("{FAE04EC0-301F-11D3-BF4B-00C04F79EFBC}") = "ClassMetotDemo1", "ClassMetotDemo1\ClassMetotDemo1.csproj", "{20A0FE9B-B6AE-4D74-82A6-F8B7F062FA7B}"
EndProject
Global
	GlobalSection(SolutionConfigurationPlatforms) = preSolution
		Debug|Any CPU = Debug|Any CPU
		Release|Any CPU = Release|Any CPU
	EndGlobalSection
	GlobalSection(ProjectConfigurationPlatforms) = postSolution
		{20A0FE9B-B6AE-4D74-82A6-F8B7F062FA7B}.Debug|Any CPU.ActiveCfg = Debug|Any CPU
		{20A0FE9B-B6AE-4D74-82A6-F8B7F062FA7B}.Debug|Any CPU.Build.0 = Debug|Any CPU
		{20A0FE9B-B6AE-4D74-82A6-F8B7F062FA7B}.Release|Any CPU.ActiveCfg = Release|Any CPU
		{20A0FE9B-B6AE-4D74-82A6-F8B7F062FA7B}.Release|Any CPU.Build.0 = Release|Any CPU
	EndGlobalSection
	GlobalSection(SolutionProperties) = preSolution
		HideSolutionNode = FALSE
	EndGlobalSection
	GlobalSection(ExtensibilityGlobals) = postSolution
		SolutionGuid = {685E341E-95BF-424B-B18B-99162599BD5C}
	EndGlobalSection
EndGlobal
